
Microsoft Visual Studio Solution File, Format Version 12.00
# Visual Studio 15
VisualStudioVersion = 15.0.27130.2027
MinimumVisualStudioVersion = 10.0.40219.1
Project("{FAE04EC0-301F-11D3-BF4B-00C04F79EFBC}") = "TextClassifierApp", "TextClassifierApp\TextClassifierApp.csproj", "{DDFBF62E-766B-4466-93B4-4AEFB6DCBE7C}"
EndProject
Global
	GlobalSection(SolutionConfigurationPlatforms) = preSolution
		Debug|Any CPU = Debug|Any CPU
		Release|Any CPU = Release|Any CPU
	EndGlobalSection
	GlobalSection(ProjectConfigurationPlatforms) = postSolution
		{DDFBF62E-766B-4466-93B4-4AEFB6DCBE7C}.Debug|Any CPU.ActiveCfg = Debug|Any CPU
		{DDFBF62E-766B-4466-93B4-4AEFB6DCBE7C}.Debug|Any CPU.Build.0 = Debug|Any CPU
		{DDFBF62E-766B-4466-93B4-4AEFB6DCBE7C}.Release|Any CPU.ActiveCfg = Release|Any CPU
		{DDFBF62E-766B-4466-93B4-4AEFB6DCBE7C}.Release|Any CPU.Build.0 = Release|Any CPU
	EndGlobalSection
	GlobalSection(SolutionProperties) = preSolution
		HideSolutionNode = FALSE
	EndGlobalSection
	GlobalSection(ExtensibilityGlobals) = postSolution
		SolutionGuid = {4B657135-7FCD-407F-BE40-B7EC2BC7C2AD}
	EndGlobalSection
EndGlobal
